
Microsoft Visual Studio Solution File, Format Version 12.00
# Visual Studio 15
VisualStudioVersion = 15.0.26124.0
MinimumVisualStudioVersion = 15.0.26124.0
Project("{FAE04EC0-301F-11D3-BF4B-00C04F79EFBC}") = "TestApp.Api", "TestApp.Api\TestApp.Api.csproj", "{A1BAFE5F-B516-4E70-AADB-C11CAF8CDFAD}"
EndProject
Project("{FAE04EC0-301F-11D3-BF4B-00C04F79EFBC}") = "TestApp.Data", "TestApp.Data\TestApp.Data.csproj", "{074BD4F9-34A7-43F4-BBF2-326A410ACC8D}"
EndProject
Project("{FAE04EC0-301F-11D3-BF4B-00C04F79EFBC}") = "TestApp.Services", "TestApp.Services\TestApp.Services.csproj", "{03C89D16-5E39-47BB-AF09-ABF7E18405D9}"
EndProject
Project("{FAE04EC0-301F-11D3-BF4B-00C04F79EFBC}") = "TestApp.Shared", "TestApp.Shared\TestApp.Shared.csproj", "{463B2225-096E-4225-BA87-0AE00DFA3270}"
EndProject
Project("{FAE04EC0-301F-11D3-BF4B-00C04F79EFBC}") = "TestApp.Utilities", "TestApp.Utilities\TestApp.Utilities.csproj", "{8BB3CAEC-7085-4E64-A638-B583F11A7455}"
EndProject
Project("{FAE04EC0-301F-11D3-BF4B-00C04F79EFBC}") = "TestApp.ConsoleClientApp", "TestApp.ConsoleClientApp\TestApp.ConsoleClientApp.csproj", "{6BB1B489-1B55-42F9-BC12-3499BC15F7C5}"
EndProject
Global
	GlobalSection(SolutionConfigurationPlatforms) = preSolution
		Debug|Any CPU = Debug|Any CPU
		Debug|x64 = Debug|x64
		Debug|x86 = Debug|x86
		Release|Any CPU = Release|Any CPU
		Release|x64 = Release|x64
		Release|x86 = Release|x86
	EndGlobalSection
	GlobalSection(SolutionProperties) = preSolution
		HideSolutionNode = FALSE
	EndGlobalSection
	GlobalSection(ProjectConfigurationPlatforms) = postSolution
		{A1BAFE5F-B516-4E70-AADB-C11CAF8CDFAD}.Debug|Any CPU.ActiveCfg = Debug|Any CPU
		{A1BAFE5F-B516-4E70-AADB-C11CAF8CDFAD}.Debug|Any CPU.Build.0 = Debug|Any CPU
		{A1BAFE5F-B516-4E70-AADB-C11CAF8CDFAD}.Debug|x64.ActiveCfg = Debug|Any CPU
		{A1BAFE5F-B516-4E70-AADB-C11CAF8CDFAD}.Debug|x64.Build.0 = Debug|Any CPU
		{A1BAFE5F-B516-4E70-AADB-C11CAF8CDFAD}.Debug|x86.ActiveCfg = Debug|Any CPU
		{A1BAFE5F-B516-4E70-AADB-C11CAF8CDFAD}.Debug|x86.Build.0 = Debug|Any CPU
		{A1BAFE5F-B516-4E70-AADB-C11CAF8CDFAD}.Release|Any CPU.ActiveCfg = Release|Any CPU
		{A1BAFE5F-B516-4E70-AADB-C11CAF8CDFAD}.Release|Any CPU.Build.0 = Release|Any CPU
		{A1BAFE5F-B516-4E70-AADB-C11CAF8CDFAD}.Release|x64.ActiveCfg = Release|Any CPU
		{A1BAFE5F-B516-4E70-AADB-C11CAF8CDFAD}.Release|x64.Build.0 = Release|Any CPU
		{A1BAFE5F-B516-4E70-AADB-C11CAF8CDFAD}.Release|x86.ActiveCfg = Release|Any CPU
		{A1BAFE5F-B516-4E70-AADB-C11CAF8CDFAD}.Release|x86.Build.0 = Release|Any CPU
		{074BD4F9-34A7-43F4-BBF2-326A410ACC8D}.Debug|Any CPU.ActiveCfg = Debug|Any CPU
		{074BD4F9-34A7-43F4-BBF2-326A410ACC8D}.Debug|Any CPU.Build.0 = Debug|Any CPU
		{074BD4F9-34A7-43F4-BBF2-326A410ACC8D}.Debug|x64.ActiveCfg = Debug|Any CPU
		{074BD4F9-34A7-43F4-BBF2-326A410ACC8D}.Debug|x64.Build.0 = Debug|Any CPU
		{074BD4F9-34A7-43F4-BBF2-326A410ACC8D}.Debug|x86.ActiveCfg = Debug|Any CPU
		{074BD4F9-34A7-43F4-BBF2-326A410ACC8D}.Debug|x86.Build.0 = Debug|Any CPU
		{074BD4F9-34A7-43F4-BBF2-326A410ACC8D}.Release|Any CPU.ActiveCfg = Release|Any CPU
		{074BD4F9-34A7-43F4-BBF2-326A410ACC8D}.Release|Any CPU.Build.0 = Release|Any CPU
		{074BD4F9-34A7-43F4-BBF2-326A410ACC8D}.Release|x64.ActiveCfg = Release|Any CPU
		{074BD4F9-34A7-43F4-BBF2-326A410ACC8D}.Release|x64.Build.0 = Release|Any CPU
		{074BD4F9-34A7-43F4-BBF2-326A410ACC8D}.Release|x86.ActiveCfg = Release|Any CPU
		{074BD4F9-34A7-43F4-BBF2-326A410ACC8D}.Release|x86.Build.0 = Release|Any CPU
		{03C89D16-5E39-47BB-AF09-ABF7E18405D9}.Debug|Any CPU.ActiveCfg = Debug|Any CPU
		{03C89D16-5E39-47BB-AF09-ABF7E18405D9}.Debug|Any CPU.Build.0 = Debug|Any CPU
		{03C89D16-5E39-47BB-AF09-ABF7E18405D9}.Debug|x64.ActiveCfg = Debug|Any CPU
		{03C89D16-5E39-47BB-AF09-ABF7E18405D9}.Debug|x64.Build.0 = Debug|Any CPU
		{03C89D16-5E39-47BB-AF09-ABF7E18405D9}.Debug|x86.ActiveCfg = Debug|Any CPU
		{03C89D16-5E39-47BB-AF09-ABF7E18405D9}.Debug|x86.Build.0 = Debug|Any CPU
		{03C89D16-5E39-47BB-AF09-ABF7E18405D9}.Release|Any CPU.ActiveCfg = Release|Any CPU
		{03C89D16-5E39-47BB-AF09-ABF7E18405D9}.Release|Any CPU.Build.0 = Release|Any CPU
		{03C89D16-5E39-47BB-AF09-ABF7E18405D9}.Release|x64.ActiveCfg = Release|Any CPU
		{03C89D16-5E39-47BB-AF09-ABF7E18405D9}.Release|x64.Build.0 = Release|Any CPU
		{03C89D16-5E39-47BB-AF09-ABF7E18405D9}.Release|x86.ActiveCfg = Release|Any CPU
		{03C89D16-5E39-47BB-AF09-ABF7E18405D9}.Release|x86.Build.0 = Release|Any CPU
		{463B2225-096E-4225-BA87-0AE00DFA3270}.Debug|Any CPU.ActiveCfg = Debug|Any CPU
		{463B2225-096E-4225-BA87-0AE00DFA3270}.Debug|Any CPU.Build.0 = Debug|Any CPU
		{463B2225-096E-4225-BA87-0AE00DFA3270}.Debug|x64.ActiveCfg = Debug|Any CPU
		{463B2225-096E-4225-BA87-0AE00DFA3270}.Debug|x64.Build.0 = Debug|Any CPU
		{463B2225-096E-4225-BA87-0AE00DFA3270}.Debug|x86.ActiveCfg = Debug|Any CPU
		{463B2225-096E-4225-BA87-0AE00DFA3270}.Debug|x86.Build.0 = Debug|Any CPU
		{463B2225-096E-4225-BA87-0AE00DFA3270}.Release|Any CPU.ActiveCfg = Release|Any CPU
		{463B2225-096E-4225-BA87-0AE00DFA3270}.Release|Any CPU.Build.0 = Release|Any CPU
		{463B2225-096E-4225-BA87-0AE00DFA3270}.Release|x64.ActiveCfg = Release|Any CPU
		{463B2225-096E-4225-BA87-0AE00DFA3270}.Release|x64.Build.0 = Release|Any CPU
		{463B2225-096E-4225-BA87-0AE00DFA3270}.Release|x86.ActiveCfg = Release|Any CPU
		{463B2225-096E-4225-BA87-0AE00DFA3270}.Release|x86.Build.0 = Release|Any CPU
		{8BB3CAEC-7085-4E64-A638-B583F11A7455}.Debug|Any CPU.ActiveCfg = Debug|Any CPU
		{8BB3CAEC-7085-4E64-A638-B583F11A7455}.Debug|Any CPU.Build.0 = Debug|Any CPU
		{8BB3CAEC-7085-4E64-A638-B583F11A7455}.Debug|x64.ActiveCfg = Debug|Any CPU
		{8BB3CAEC-7085-4E64-A638-B583F11A7455}.Debug|x64.Build.0 = Debug|Any CPU
		{8BB3CAEC-7085-4E64-A638-B583F11A7455}.Debug|x86.ActiveCfg = Debug|Any CPU
		{8BB3CAEC-7085-4E64-A638-B583F11A7455}.Debug|x86.Build.0 = Debug|Any CPU
		{8BB3CAEC-7085-4E64-A638-B583F11A7455}.Release|Any CPU.ActiveCfg = Release|Any CPU
		{8BB3CAEC-7085-4E64-A638-B583F11A7455}.Release|Any CPU.Build.0 = Release|Any CPU
		{8BB3CAEC-7085-4E64-A638-B583F11A7455}.Release|x64.ActiveCfg = Release|Any CPU
		{8BB3CAEC-7085-4E64-A638-B583F11A7455}.Release|x64.Build.0 = Release|Any CPU
		{8BB3CAEC-7085-4E64-A638-B583F11A7455}.Release|x86.ActiveCfg = Release|Any CPU
		{8BB3CAEC-7085-4E64-A638-B583F11A7455}.Release|x86.Build.0 = Release|Any CPU
		{6BB1B489-1B55-42F9-BC12-3499BC15F7C5}.Debug|Any CPU.ActiveCfg = Debug|Any CPU
		{6BB1B489-1B55-42F9-BC12-3499BC15F7C5}.Debug|Any CPU.Build.0 = Debug|Any CPU
		{6BB1B489-1B55-42F9-BC12-3499BC15F7C5}.Debug|x64.ActiveCfg = Debug|Any CPU
		{6BB1B489-1B55-42F9-BC12-3499BC15F7C5}.Debug|x64.Build.0 = Debug|Any CPU
		{6BB1B489-1B55-42F9-BC12-3499BC15F7C5}.Debug|x86.ActiveCfg = Debug|Any CPU
		{6BB1B489-1B55-42F9-BC12-3499BC15F7C5}.Debug|x86.Build.0 = Debug|Any CPU
		{6BB1B489-1B55-42F9-BC12-3499BC15F7C5}.Release|Any CPU.ActiveCfg = Release|Any CPU
		{6BB1B489-1B55-42F9-BC12-3499BC15F7C5}.Release|Any CPU.Build.0 = Release|Any CPU
		{6BB1B489-1B55-42F9-BC12-3499BC15F7C5}.Release|x64.ActiveCfg = Release|Any CPU
		{6BB1B489-1B55-42F9-BC12-3499BC15F7C5}.Release|x64.Build.0 = Release|Any CPU
		{6BB1B489-1B55-42F9-BC12-3499BC15F7C5}.Release|x86.ActiveCfg = Release|Any CPU
		{6BB1B489-1B55-42F9-BC12-3499BC15F7C5}.Release|x86.Build.0 = Release|Any CPU
	EndGlobalSection
EndGlobal
